
Microsoft Visual Studio Solution File, Format Version 12.00
# Visual Studio Version 16
VisualStudioVersion = 16.0.31410.357
MinimumVisualStudioVersion = 10.0.40219.1
Project("{8BC9CEB8-8B4A-11D0-8D11-00A0C91BC942}") = "LAB4_1_1", "LAB4_1_1\LAB4_1_1.vcxproj", "{5AB8F937-04C0-4630-A627-2AEF16B9790C}"
EndProject
Project("{8BC9CEB8-8B4A-11D0-8D11-00A0C91BC942}") = "LAB4_1_2", "LAB4_1_2\LAB4_1_2.vcxproj", "{B9C5BA23-BEB6-4A0E-8BA7-CAD286651769}"
EndProject
Project("{8BC9CEB8-8B4A-11D0-8D11-00A0C91BC942}") = "LAB4_2", "LAB4_2\LAB4_2.vcxproj", "{20A27855-F516-4EA3-B64A-37E9FDDAFC2F}"
EndProject
Project("{8BC9CEB8-8B4A-11D0-8D11-00A0C91BC942}") = "LAB4_3", "LAB4_3\LAB4_3.vcxproj", "{9E07A12E-D24E-452E-8B07-30EFCC301FE1}"
EndProject
Project("{8BC9CEB8-8B4A-11D0-8D11-00A0C91BC942}") = "HW4_3_0", "HW4_3_0\HW4_3_0.vcxproj", "{28E75B96-9CF6-427F-AEC3-47F39EE266EE}"
EndProject
Project("{8BC9CEB8-8B4A-11D0-8D11-00A0C91BC942}") = "HW4_1", "HW4_1\HW4_1.vcxproj", "{CD8B639C-F9EE-402A-A30E-9C8090BE4C32}"
EndProject
Project("{8BC9CEB8-8B4A-11D0-8D11-00A0C91BC942}") = "HW4_3_1", "HW4_3_1\HW4_3_1.vcxproj", "{703AA6EB-8E29-4510-94FB-344F8E4B7EF9}"
EndProject
Project("{8BC9CEB8-8B4A-11D0-8D11-00A0C91BC942}") = "HW4_4", "HW4_4\HW4_4.vcxproj", "{05321A3A-67D8-49F6-BDB1-F4B6F13BE038}"
EndProject
Project("{8BC9CEB8-8B4A-11D0-8D11-00A0C91BC942}") = "HW4_5_1", "HW4_5_1\HW4_5_1.vcxproj", "{D7FA1E11-6E66-4F88-B677-E91C18818B90}"
EndProject
Project("{8BC9CEB8-8B4A-11D0-8D11-00A0C91BC942}") = "HW4_5_2", "HW4_5_2\HW4_5_2.vcxproj", "{74E20FBD-0706-415F-AB91-819649FC2E89}"
EndProject
Project("{8BC9CEB8-8B4A-11D0-8D11-00A0C91BC942}") = "Challenge 4-2", "Challenge 4-2\Challenge 4-2.vcxproj", "{693EA1EA-8876-48CB-B05E-7572FA5D89FA}"
EndProject
Project("{8BC9CEB8-8B4A-11D0-8D11-00A0C91BC942}") = "Challenge 4-1", "Challenge 4-1\Challenge 4-1.vcxproj", "{236B9136-5885-4723-B616-79BB72D69B77}"
EndProject
Project("{8BC9CEB8-8B4A-11D0-8D11-00A0C91BC942}") = "HW4_2", "HW4_2\HW4_2.vcxproj", "{D9640452-3C8A-489C-B6D0-A9568546CF4C}"
EndProject
Project("{8BC9CEB8-8B4A-11D0-8D11-00A0C91BC942}") = "PROJECT1_PREP", "PROJECT1_PREP\PROJECT1_PREP.vcxproj", "{301574B8-E123-4591-990D-833FA39CD540}"
EndProject
Global
	GlobalSection(SolutionConfigurationPlatforms) = preSolution
		Debug|x64 = Debug|x64
		Debug|x86 = Debug|x86
		Release|x64 = Release|x64
		Release|x86 = Release|x86
	EndGlobalSection
	GlobalSection(ProjectConfigurationPlatforms) = postSolution
		{5AB8F937-04C0-4630-A627-2AEF16B9790C}.Debug|x64.ActiveCfg = Debug|x64
		{5AB8F937-04C0-4630-A627-2AEF16B9790C}.Debug|x64.Build.0 = Debug|x64
		{5AB8F937-04C0-4630-A627-2AEF16B9790C}.Debug|x86.ActiveCfg = Debug|Win32
		{5AB8F937-04C0-4630-A627-2AEF16B9790C}.Debug|x86.Build.0 = Debug|Win32
		{5AB8F937-04C0-4630-A627-2AEF16B9790C}.Release|x64.ActiveCfg = Release|x64
		{5AB8F937-04C0-4630-A627-2AEF16B9790C}.Release|x64.Build.0 = Release|x64
		{5AB8F937-04C0-4630-A627-2AEF16B9790C}.Release|x86.ActiveCfg = Release|Win32
		{5AB8F937-04C0-4630-A627-2AEF16B9790C}.Release|x86.Build.0 = Release|Win32
		{B9C5BA23-BEB6-4A0E-8BA7-CAD286651769}.Debug|x64.ActiveCfg = Debug|x64
		{B9C5BA23-BEB6-4A0E-8BA7-CAD286651769}.Debug|x64.Build.0 = Debug|x64
		{B9C5BA23-BEB6-4A0E-8BA7-CAD286651769}.Debug|x86.ActiveCfg = Debug|Win32
		{B9C5BA23-BEB6-4A0E-8BA7-CAD286651769}.Debug|x86.Build.0 = Debug|Win32
		{B9C5BA23-BEB6-4A0E-8BA7-CAD286651769}.Release|x64.ActiveCfg = Release|x64
		{B9C5BA23-BEB6-4A0E-8BA7-CAD286651769}.Release|x64.Build.0 = Release|x64
		{B9C5BA23-BEB6-4A0E-8BA7-CAD286651769}.Release|x86.ActiveCfg = Release|Win32
		{B9C5BA23-BEB6-4A0E-8BA7-CAD286651769}.Release|x86.Build.0 = Release|Win32
		{20A27855-F516-4EA3-B64A-37E9FDDAFC2F}.Debug|x64.ActiveCfg = Debug|x64
		{20A27855-F516-4EA3-B64A-37E9FDDAFC2F}.Debug|x64.Build.0 = Debug|x64
		{20A27855-F516-4EA3-B64A-37E9FDDAFC2F}.Debug|x86.ActiveCfg = Debug|Win32
		{20A27855-F516-4EA3-B64A-37E9FDDAFC2F}.Debug|x86.Build.0 = Debug|Win32
		{20A27855-F516-4EA3-B64A-37E9FDDAFC2F}.Release|x64.ActiveCfg = Release|x64
		{20A27855-F516-4EA3-B64A-37E9FDDAFC2F}.Release|x64.Build.0 = Release|x64
		{20A27855-F516-4EA3-B64A-37E9FDDAFC2F}.Release|x86.ActiveCfg = Release|Win32
		{20A27855-F516-4EA3-B64A-37E9FDDAFC2F}.Release|x86.Build.0 = Release|Win32
		{9E07A12E-D24E-452E-8B07-30EFCC301FE1}.Debug|x64.ActiveCfg = Debug|x64
		{9E07A12E-D24E-452E-8B07-30EFCC301FE1}.Debug|x64.Build.0 = Debug|x64
		{9E07A12E-D24E-452E-8B07-30EFCC301FE1}.Debug|x86.ActiveCfg = Debug|Win32
		{9E07A12E-D24E-452E-8B07-30EFCC301FE1}.Debug|x86.Build.0 = Debug|Win32
		{9E07A12E-D24E-452E-8B07-30EFCC301FE1}.Release|x64.ActiveCfg = Release|x64
		{9E07A12E-D24E-452E-8B07-30EFCC301FE1}.Release|x64.Build.0 = Release|x64
		{9E07A12E-D24E-452E-8B07-30EFCC301FE1}.Release|x86.ActiveCfg = Release|Win32
		{9E07A12E-D24E-452E-8B07-30EFCC301FE1}.Release|x86.Build.0 = Release|Win32
		{28E75B96-9CF6-427F-AEC3-47F39EE266EE}.Debug|x64.ActiveCfg = Debug|x64
		{28E75B96-9CF6-427F-AEC3-47F39EE266EE}.Debug|x64.Build.0 = Debug|x64
		{28E75B96-9CF6-427F-AEC3-47F39EE266EE}.Debug|x86.ActiveCfg = Debug|Win32
		{28E75B96-9CF6-427F-AEC3-47F39EE266EE}.Debug|x86.Build.0 = Debug|Win32
		{28E75B96-9CF6-427F-AEC3-47F39EE266EE}.Release|x64.ActiveCfg = Release|x64
		{28E75B96-9CF6-427F-AEC3-47F39EE266EE}.Release|x64.Build.0 = Release|x64
		{28E75B96-9CF6-427F-AEC3-47F39EE266EE}.Release|x86.ActiveCfg = Release|Win32
		{28E75B96-9CF6-427F-AEC3-47F39EE266EE}.Release|x86.Build.0 = Release|Win32
		{CD8B639C-F9EE-402A-A30E-9C8090BE4C32}.Debug|x64.ActiveCfg = Debug|x64
		{CD8B639C-F9EE-402A-A30E-9C8090BE4C32}.Debug|x64.Build.0 = Debug|x64
		{CD8B639C-F9EE-402A-A30E-9C8090BE4C32}.Debug|x86.ActiveCfg = Debug|Win32
		{CD8B639C-F9EE-402A-A30E-9C8090BE4C32}.Debug|x86.Build.0 = Debug|Win32
		{CD8B639C-F9EE-402A-A30E-9C8090BE4C32}.Release|x64.ActiveCfg = Release|x64
		{CD8B639C-F9EE-402A-A30E-9C8090BE4C32}.Release|x64.Build.0 = Release|x64
		{CD8B639C-F9EE-402A-A30E-9C8090BE4C32}.Release|x86.ActiveCfg = Release|Win32
		{CD8B639C-F9EE-402A-A30E-9C8090BE4C32}.Release|x86.Build.0 = Release|Win32
		{703AA6EB-8E29-4510-94FB-344F8E4B7EF9}.Debug|x64.ActiveCfg = Debug|x64
		{703AA6EB-8E29-4510-94FB-344F8E4B7EF9}.Debug|x64.Build.0 = Debug|x64
		{703AA6EB-8E29-4510-94FB-344F8E4B7EF9}.Debug|x86.ActiveCfg = Debug|Win32
		{703AA6EB-8E29-4510-94FB-344F8E4B7EF9}.Debug|x86.Build.0 = Debug|Win32
		{703AA6EB-8E29-4510-94FB-344F8E4B7EF9}.Release|x64.ActiveCfg = Release|x64
		{703AA6EB-8E29-4510-94FB-344F8E4B7EF9}.Release|x64.Build.0 = Release|x64
		{703AA6EB-8E29-4510-94FB-344F8E4B7EF9}.Release|x86.ActiveCfg = Release|Win32
		{703AA6EB-8E29-4510-94FB-344F8E4B7EF9}.Release|x86.Build.0 = Release|Win32
		{05321A3A-67D8-49F6-BDB1-F4B6F13BE038}.Debug|x64.ActiveCfg = Debug|x64
		{05321A3A-67D8-49F6-BDB1-F4B6F13BE038}.Debug|x64.Build.0 = Debug|x64
		{05321A3A-67D8-49F6-BDB1-F4B6F13BE038}.Debug|x86.ActiveCfg = Debug|Win32
		{05321A3A-67D8-49F6-BDB1-F4B6F13BE038}.Debug|x86.Build.0 = Debug|Win32
		{05321A3A-67D8-49F6-BDB1-F4B6F13BE038}.Release|x64.ActiveCfg = Release|x64
		{05321A3A-67D8-49F6-BDB1-F4B6F13BE038}.Release|x64.Build.0 = Release|x64
		{05321A3A-67D8-49F6-BDB1-F4B6F13BE038}.Release|x86.ActiveCfg = Release|Win32
		{05321A3A-67D8-49F6-BDB1-F4B6F13BE038}.Release|x86.Build.0 = Release|Win32
		{D7FA1E11-6E66-4F88-B677-E91C18818B90}.Debug|x64.ActiveCfg = Debug|x64
		{D7FA1E11-6E66-4F88-B677-E91C18818B90}.Debug|x64.Build.0 = Debug|x64
		{D7FA1E11-6E66-4F88-B677-E91C18818B90}.Debug|x86.ActiveCfg = Debug|Win32
		{D7FA1E11-6E66-4F88-B677-E91C18818B90}.Debug|x86.Build.0 = Debug|Win32
		{D7FA1E11-6E66-4F88-B677-E91C18818B90}.Release|x64.ActiveCfg = Release|x64
		{D7FA1E11-6E66-4F88-B677-E91C18818B90}.Release|x64.Build.0 = Release|x64
		{D7FA1E11-6E66-4F88-B677-E91C18818B90}.Release|x86.ActiveCfg = Release|Win32
		{D7FA1E11-6E66-4F88-B677-E91C18818B90}.Release|x86.Build.0 = Release|Win32
		{74E20FBD-0706-415F-AB91-819649FC2E89}.Debug|x64.ActiveCfg = Debug|x64
		{74E20FBD-0706-415F-AB91-819649FC2E89}.Debug|x64.Build.0 = Debug|x64
		{74E20FBD-0706-415F-AB91-819649FC2E89}.Debug|x86.ActiveCfg = Debug|Win32
		{74E20FBD-0706-415F-AB91-819649FC2E89}.Debug|x86.Build.0 = Debug|Win32
		{74E20FBD-0706-415F-AB91-819649FC2E89}.Release|x64.ActiveCfg = Release|x64
		{74E20FBD-0706-415F-AB91-819649FC2E89}.Release|x64.Build.0 = Release|x64
		{74E20FBD-0706-415F-AB91-819649FC2E89}.Release|x86.ActiveCfg = Release|Win32
		{74E20FBD-0706-415F-AB91-819649FC2E89}.Release|x86.Build.0 = Release|Win32
		{693EA1EA-8876-48CB-B05E-7572FA5D89FA}.Debug|x64.ActiveCfg = Debug|x64
		{693EA1EA-8876-48CB-B05E-7572FA5D89FA}.Debug|x64.Build.0 = Debug|x64
		{693EA1EA-8876-48CB-B05E-7572FA5D89FA}.Debug|x86.ActiveCfg = Debug|Win32
		{693EA1EA-8876-48CB-B05E-7572FA5D89FA}.Debug|x86.Build.0 = Debug|Win32
		{693EA1EA-8876-48CB-B05E-7572FA5D89FA}.Release|x64.ActiveCfg = Release|x64
		{693EA1EA-8876-48CB-B05E-7572FA5D89FA}.Release|x64.Build.0 = Release|x64
		{693EA1EA-8876-48CB-B05E-7572FA5D89FA}.Release|x86.ActiveCfg = Release|Win32
		{693EA1EA-8876-48CB-B05E-7572FA5D89FA}.Release|x86.Build.0 = Release|Win32
		{236B9136-5885-4723-B616-79BB72D69B77}.Debug|x64.ActiveCfg = Debug|x64
		{236B9136-5885-4723-B616-79BB72D69B77}.Debug|x64.Build.0 = Debug|x64
		{236B9136-5885-4723-B616-79BB72D69B77}.Debug|x86.ActiveCfg = Debug|Win32
		{236B9136-5885-4723-B616-79BB72D69B77}.Debug|x86.Build.0 = Debug|Win32
		{236B9136-5885-4723-B616-79BB72D69B77}.Release|x64.ActiveCfg = Release|x64
		{236B9136-5885-4723-B616-79BB72D69B77}.Release|x64.Build.0 = Release|x64
		{236B9136-5885-4723-B616-79BB72D69B77}.Release|x86.ActiveCfg = Release|Win32
		{236B9136-5885-4723-B616-79BB72D69B77}.Release|x86.Build.0 = Release|Win32
		{D9640452-3C8A-489C-B6D0-A9568546CF4C}.Debug|x64.ActiveCfg = Debug|x64
		{D9640452-3C8A-489C-B6D0-A9568546CF4C}.Debug|x64.Build.0 = Debug|x64
		{D9640452-3C8A-489C-B6D0-A9568546CF4C}.Debug|x86.ActiveCfg = Debug|Win32
		{D9640452-3C8A-489C-B6D0-A9568546CF4C}.Debug|x86.Build.0 = Debug|Win32
		{D9640452-3C8A-489C-B6D0-A9568546CF4C}.Release|x64.ActiveCfg = Release|x64
		{D9640452-3C8A-489C-B6D0-A9568546CF4C}.Release|x64.Build.0 = Release|x64
		{D9640452-3C8A-489C-B6D0-A9568546CF4C}.Release|x86.ActiveCfg = Release|Win32
		{D9640452-3C8A-489C-B6D0-A9568546CF4C}.Release|x86.Build.0 = Release|Win32
		{301574B8-E123-4591-990D-833FA39CD540}.Debug|x64.ActiveCfg = Debug|x64
		{301574B8-E123-4591-990D-833FA39CD540}.Debug|x64.Build.0 = Debug|x64
		{301574B8-E123-4591-990D-833FA39CD540}.Debug|x86.ActiveCfg = Debug|Win32
		{301574B8-E123-4591-990D-833FA39CD540}.Debug|x86.Build.0 = Debug|Win32
		{301574B8-E123-4591-990D-833FA39CD540}.Release|x64.ActiveCfg = Release|x64
		{301574B8-E123-4591-990D-833FA39CD540}.Release|x64.Build.0 = Release|x64
		{301574B8-E123-4591-990D-833FA39CD540}.Release|x86.ActiveCfg = Release|Win32
		{301574B8-E123-4591-990D-833FA39CD540}.Release|x86.Build.0 = Release|Win32
	EndGlobalSection
	GlobalSection(SolutionProperties) = preSolution
		HideSolutionNode = FALSE
	EndGlobalSection
	GlobalSection(ExtensibilityGlobals) = postSolution
		SolutionGuid = {0F784827-833C-4F45-8517-DD77B8508C6F}
	EndGlobalSection
EndGlobal
